
Microsoft Visual Studio Solution File, Format Version 12.00
# Visual Studio Version 17
VisualStudioVersion = 17.5.33424.131
MinimumVisualStudioVersion = 10.0.40219.1
Project("{FAE04EC0-301F-11D3-BF4B-00C04F79EFBC}") = "crud jek", "crud jek.csproj", "{D294C059-32E1-4109-BC16-0C0E8198085B}"
EndProject
Global
	GlobalSection(SolutionConfigurationPlatforms) = preSolution
		Debug|Any CPU = Debug|Any CPU
		Release|Any CPU = Release|Any CPU
	EndGlobalSection
	GlobalSection(ProjectConfigurationPlatforms) = postSolution
		{D294C059-32E1-4109-BC16-0C0E8198085B}.Debug|Any CPU.ActiveCfg = Debug|Any CPU
		{D294C059-32E1-4109-BC16-0C0E8198085B}.Debug|Any CPU.Build.0 = Debug|Any CPU
		{D294C059-32E1-4109-BC16-0C0E8198085B}.Release|Any CPU.ActiveCfg = Release|Any CPU
		{D294C059-32E1-4109-BC16-0C0E8198085B}.Release|Any CPU.Build.0 = Release|Any CPU
	EndGlobalSection
	GlobalSection(SolutionProperties) = preSolution
		HideSolutionNode = FALSE
	EndGlobalSection
	GlobalSection(ExtensibilityGlobals) = postSolution
		SolutionGuid = {CD0CD88A-AB2B-44DD-8496-450E90F9EC1A}
	EndGlobalSection
EndGlobal
